// !$*UTF8*$!
{
	archiveVersion = 1;
	classes = {
	};
	objectVersion = 50;
	objects = {

/* Begin PBXBuildFile section */
		FA3E181326F65ED2001589C8 /* AppDelegate.swift in Sources */ = {isa = PBXBuildFile; fileRef = FA3E181226F65ED2001589C8 /* AppDelegate.swift */; };
		FA3E181526F65ED2001589C8 /* SceneDelegate.swift in Sources */ = {isa = PBXBuildFile; fileRef = FA3E181426F65ED2001589C8 /* SceneDelegate.swift */; };
		FA3E181726F65ED2001589C8 /* ViewController.swift in Sources */ = {isa = PBXBuildFile; fileRef = FA3E181626F65ED2001589C8 /* ViewController.swift */; };
		FA3E181A26F65ED2001589C8 /* Main.storyboard in Resources */ = {isa = PBXBuildFile; fileRef = FA3E181826F65ED2001589C8 /* Main.storyboard */; };
		FA3E181C26F65ED3001589C8 /* Assets.xcassets in Resources */ = {isa = PBXBuildFile; fileRef = FA3E181B26F65ED3001589C8 /* Assets.xcassets */; };
		FA3E181F26F65ED3001589C8 /* LaunchScreen.storyboard in Resources */ = {isa = PBXBuildFile; fileRef = FA3E181D26F65ED3001589C8 /* LaunchScreen.storyboard */; };
		FA3E182A26F65ED3001589C8 /* HydrateTests.swift in Sources */ = {isa = PBXBuildFile; fileRef = FA3E182926F65ED3001589C8 /* HydrateTests.swift */; };
		FA3E183526F65ED3001589C8 /* HydrateUITests.swift in Sources */ = {isa = PBXBuildFile; fileRef = FA3E183426F65ED3001589C8 /* HydrateUITests.swift */; };
/* End PBXBuildFile section */

/* Begin PBXContainerItemProxy section */
		FA3E182626F65ED3001589C8 /* PBXContainerItemProxy */ = {
			isa = PBXContainerItemProxy;
			containerPortal = FA3E180726F65ED2001589C8 /* Project object */;
			proxyType = 1;
			remoteGlobalIDString = FA3E180E26F65ED2001589C8;
			remoteInfo = Hydrate;
		};
		FA3E183126F65ED3001589C8 /* PBXContainerItemProxy */ = {
			isa = PBXContainerItemProxy;
			containerPortal = FA3E180726F65ED2001589C8 /* Project object */;
			proxyType = 1;
			remoteGlobalIDString = FA3E180E26F65ED2001589C8;
			remoteInfo = Hydrate;
		};
/* End PBXContainerItemProxy section */

/* Begin PBXFileReference section */
		FA3E180F26F65ED2001589C8 /* Hydrate.app */ = {isa = PBXFileReference; explicitFileType = wrapper.application; includeInIndex = 0; path = Hydrate.app; sourceTree = BUILT_PRODUCTS_DIR; };
		FA3E181226F65ED2001589C8 /* AppDelegate.swift */ = {isa = PBXFileReference; lastKnownFileType = sourcecode.swift; path = AppDelegate.swift; sourceTree = "<group>"; };
		FA3E181426F65ED2001589C8 /* SceneDelegate.swift */ = {isa = PBXFileReference; lastKnownFileType = sourcecode.swift; path = SceneDelegate.swift; sourceTree = "<group>"; };
		FA3E181626F65ED2001589C8 /* ViewController.swift */ = {isa = PBXFileReference; lastKnownFileType = sourcecode.swift; path = ViewController.swift; sourceTree = "<group>"; };
		FA3E181926F65ED2001589C8 /* Base */ = {isa = PBXFileReference; lastKnownFileType = file.storyboard; name = Base; path = Base.lproj/Main.storyboard; sourceTree = "<group>"; };
		FA3E181B26F65ED3001589C8 /* Assets.xcassets */ = {isa = PBXFileReference; lastKnownFileType = folder.assetcatalog; path = Assets.xcassets; sourceTree = "<group>"; };
		FA3E181E26F65ED3001589C8 /* Base */ = {isa = PBXFileReference; lastKnownFileType = file.storyboard; name = Base; path = Base.lproj/LaunchScreen.storyboard; sourceTree = "<group>"; };
		FA3E182026F65ED3001589C8 /* Info.plist */ = {isa = PBXFileReference; lastKnownFileType = text.plist.xml; path = Info.plist; sourceTree = "<group>"; };
		FA3E182526F65ED3001589C8 /* HydrateTests.xctest */ = {isa = PBXFileReference; explicitFileType = wrapper.cfbundle; includeInIndex = 0; path = HydrateTests.xctest; sourceTree = BUILT_PRODUCTS_DIR; };
		FA3E182926F65ED3001589C8 /* HydrateTests.swift */ = {isa = PBXFileReference; lastKnownFileType = sourcecode.swift; path = HydrateTests.swift; sourceTree = "<group>"; };
		FA3E182B26F65ED3001589C8 /* Info.plist */ = {isa = PBXFileReference; lastKnownFileType = text.plist.xml; path = Info.plist; sourceTree = "<group>"; };
		FA3E183026F65ED3001589C8 /* HydrateUITests.xctest */ = {isa = PBXFileReference; explicitFileType = wrapper.cfbundle; includeInIndex = 0; path = HydrateUITests.xctest; sourceTree = BUILT_PRODUCTS_DIR; };
		FA3E183426F65ED3001589C8 /* HydrateUITests.swift */ = {isa = PBXFileReference; lastKnownFileType = sourcecode.swift; path = HydrateUITests.swift; sourceTree = "<group>"; };
		FA3E183626F65ED3001589C8 /* Info.plist */ = {isa = PBXFileReference; lastKnownFileType = text.plist.xml; path = Info.plist; sourceTree = "<group>"; };
/* End PBXFileReference section */

/* Begin PBXFrameworksBuildPhase section */
		FA3E180C26F65ED2001589C8 /* Frameworks */ = {
			isa = PBXFrameworksBuildPhase;
			buildActionMask = 2147483647;
			files = (
			);
			runOnlyForDeploymentPostprocessing = 0;
		};
		FA3E182226F65ED3001589C8 /* Frameworks */ = {
			isa = PBXFrameworksBuildPhase;
			buildActionMask = 2147483647;
			files = (
			);
			runOnlyForDeploymentPostprocessing = 0;
		};
		FA3E182D26F65ED3001589C8 /* Frameworks */ = {
			isa = PBXFrameworksBuildPhase;
			buildActionMask = 2147483647;
			files = (
			);
			runOnlyForDeploymentPostprocessing = 0;
		};
/* End PBXFrameworksBuildPhase section */

/* Begin PBXGroup section */
		FA3E180626F65ED2001589C8 = {
			isa = PBXGroup;
			children = (
				FA3E181126F65ED2001589C8 /* Hydrate */,
				FA3E182826F65ED3001589C8 /* HydrateTests */,
				FA3E183326F65ED3001589C8 /* HydrateUITests */,
				FA3E181026F65ED2001589C8 /* Products */,
			);
			sourceTree = "<group>";
		};
		FA3E181026F65ED2001589C8 /* Products */ = {
			isa = PBXGroup;
			children = (
				FA3E180F26F65ED2001589C8 /* Hydrate.app */,
				FA3E182526F65ED3001589C8 /* HydrateTests.xctest */,
				FA3E183026F65ED3001589C8 /* HydrateUITests.xctest */,
			);
			name = Products;
			sourceTree = "<group>";
		};
		FA3E181126F65ED2001589C8 /* Hydrate */ = {
			isa = PBXGroup;
			children = (
				FA3E181226F65ED2001589C8 /* AppDelegate.swift */,
				FA3E181426F65ED2001589C8 /* SceneDelegate.swift */,
				FA3E181626F65ED2001589C8 /* ViewController.swift */,
				FA3E181826F65ED2001589C8 /* Main.storyboard */,
				FA3E181B26F65ED3001589C8 /* Assets.xcassets */,
				FA3E181D26F65ED3001589C8 /* LaunchScreen.storyboard */,
				FA3E182026F65ED3001589C8 /* Info.plist */,
			);
			path = Hydrate;
			sourceTree = "<group>";
		};
		FA3E182826F65ED3001589C8 /* HydrateTests */ = {
			isa = PBXGroup;
			children = (
				FA3E182926F65ED3001589C8 /* HydrateTests.swift */,
				FA3E182B26F65ED3001589C8 /* Info.plist */,
			);
			path = HydrateTests;
			sourceTree = "<group>";
		};
		FA3E183326F65ED3001589C8 /* HydrateUITests */ = {
			isa = PBXGroup;
			children = (
				FA3E183426F65ED3001589C8 /* HydrateUITests.swift */,
				FA3E183626F65ED3001589C8 /* Info.plist */,
			);
			path = HydrateUITests;
			sourceTree = "<group>";
		};
/* End PBXGroup section */

/* Begin PBXNativeTarget section */
		FA3E180E26F65ED2001589C8 /* Hydrate */ = {
			isa = PBXNativeTarget;
			buildConfigurationList = FA3E183926F65ED3001589C8 /* Build configuration list for PBXNativeTarget "Hydrate" */;
			buildPhases = (
				FA3E180B26F65ED2001589C8 /* Sources */,
				FA3E180C26F65ED2001589C8 /* Frameworks */,
				FA3E180D26F65ED2001589C8 /* Resources */,
			);
			buildRules = (
			);
			dependencies = (
			);
			name = Hydrate;
			productName = Hydrate;
			productReference = FA3E180F26F65ED2001589C8 /* Hydrate.app */;
			productType = "com.apple.product-type.application";
		};
		FA3E182426F65ED3001589C8 /* HydrateTests */ = {
			isa = PBXNativeTarget;
			buildConfigurationList = FA3E183C26F65ED3001589C8 /* Build configuration list for PBXNativeTarget "HydrateTests" */;
			buildPhases = (
				FA3E182126F65ED3001589C8 /* Sources */,
				FA3E182226F65ED3001589C8 /* Frameworks */,
				FA3E182326F65ED3001589C8 /* Resources */,
			);
			buildRules = (
			);
			dependencies = (
				FA3E182726F65ED3001589C8 /* PBXTargetDependency */,
			);
			name = HydrateTests;
			productName = HydrateTests;
			productReference = FA3E182526F65ED3001589C8 /* HydrateTests.xctest */;
			productType = "com.apple.product-type.bundle.unit-test";
		};
		FA3E182F26F65ED3001589C8 /* HydrateUITests */ = {
			isa = PBXNativeTarget;
			buildConfigurationList = FA3E183F26F65ED3001589C8 /* Build configuration list for PBXNativeTarget "HydrateUITests" */;
			buildPhases = (
				FA3E182C26F65ED3001589C8 /* Sources */,
				FA3E182D26F65ED3001589C8 /* Frameworks */,
				FA3E182E26F65ED3001589C8 /* Resources */,
			);
			buildRules = (
			);
			dependencies = (
				FA3E183226F65ED3001589C8 /* PBXTargetDependency */,
			);
			name = HydrateUITests;
			productName = HydrateUITests;
			productReference = FA3E183026F65ED3001589C8 /* HydrateUITests.xctest */;
			productType = "com.apple.product-type.bundle.ui-testing";
		};
/* End PBXNativeTarget section */

/* Begin PBXProject section */
		FA3E180726F65ED2001589C8 /* Project object */ = {
			isa = PBXProject;
			attributes = {
				LastSwiftUpdateCheck = 1250;
				LastUpgradeCheck = 1250;
				TargetAttributes = {
					FA3E180E26F65ED2001589C8 = {
						CreatedOnToolsVersion = 12.5.1;
					};
					FA3E182426F65ED3001589C8 = {
						CreatedOnToolsVersion = 12.5.1;
						TestTargetID = FA3E180E26F65ED2001589C8;
					};
					FA3E182F26F65ED3001589C8 = {
						CreatedOnToolsVersion = 12.5.1;
						TestTargetID = FA3E180E26F65ED2001589C8;
					};
				};
			};
			buildConfigurationList = FA3E180A26F65ED2001589C8 /* Build configuration list for PBXProject "Hydrate" */;
			compatibilityVersion = "Xcode 9.3";
			developmentRegion = en;
			hasScannedForEncodings = 0;
			knownRegions = (
				en,
				Base,
			);
			mainGroup = FA3E180626F65ED2001589C8;
			productRefGroup = FA3E181026F65ED2001589C8 /* Products */;
			projectDirPath = "";
			projectRoot = "";
			targets = (
				FA3E180E26F65ED2001589C8 /* Hydrate */,
				FA3E182426F65ED3001589C8 /* HydrateTests */,
				FA3E182F26F65ED3001589C8 /* HydrateUITests */,
			);
		};
/* End PBXProject section */

/* Begin PBXResourcesBuildPhase section */
		FA3E180D26F65ED2001589C8 /* Resources */ = {
			isa = PBXResourcesBuildPhase;
			buildActionMask = 2147483647;
			files = (
				FA3E181F26F65ED3001589C8 /* LaunchScreen.storyboard in Resources */,
				FA3E181C26F65ED3001589C8 /* Assets.xcassets in Resources */,
				FA3E181A26F65ED2001589C8 /* Main.storyboard in Resources */,
			);
			runOnlyForDeploymentPostprocessing = 0;
		};
		FA3E182326F65ED3001589C8 /* Resources */ = {
			isa = PBXResourcesBuildPhase;
			buildActionMask = 2147483647;
			files = (
			);
			runOnlyForDeploymentPostprocessing = 0;
		};
		FA3E182E26F65ED3001589C8 /* Resources */ = {
			isa = PBXResourcesBuildPhase;
			buildActionMask = 2147483647;
			files = (
			);
			runOnlyForDeploymentPostprocessing = 0;
		};
/* End PBXResourcesBuildPhase section */

/* Begin PBXSourcesBuildPhase section */
		FA3E180B26F65ED2001589C8 /* Sources */ = {
			isa = PBXSourcesBuildPhase;
			buildActionMask = 2147483647;
			files = (
				FA3E181726F65ED2001589C8 /* ViewController.swift in Sources */,
				FA3E181326F65ED2001589C8 /* AppDelegate.swift in Sources */,
				FA3E181526F65ED2001589C8 /* SceneDelegate.swift in Sources */,
			);
			runOnlyForDeploymentPostprocessing = 0;
		};
		FA3E182126F65ED3001589C8 /* Sources */ = {
			isa = PBXSourcesBuildPhase;
			buildActionMask = 2147483647;
			files = (
				FA3E182A26F65ED3001589C8 /* HydrateTests.swift in Sources */,
			);
			runOnlyForDeploymentPostprocessing = 0;
		};
		FA3E182C26F65ED3001589C8 /* Sources */ = {
			isa = PBXSourcesBuildPhase;
			buildActionMask = 2147483647;
			files = (
				FA3E183526F65ED3001589C8 /* HydrateUITests.swift in Sources */,
			);
			runOnlyForDeploymentPostprocessing = 0;
		};
/* End PBXSourcesBuildPhase section */

/* Begin PBXTargetDependency section */
		FA3E182726F65ED3001589C8 /* PBXTargetDependency */ = {
			isa = PBXTargetDependency;
			target = FA3E180E26F65ED2001589C8 /* Hydrate */;
			targetProxy = FA3E182626F65ED3001589C8 /* PBXContainerItemProxy */;
		};
		FA3E183226F65ED3001589C8 /* PBXTargetDependency */ = {
			isa = PBXTargetDependency;
			target = FA3E180E26F65ED2001589C8 /* Hydrate */;
			targetProxy = FA3E183126F65ED3001589C8 /* PBXContainerItemProxy */;
		};
/* End PBXTargetDependency section */

/* Begin PBXVariantGroup section */
		FA3E181826F65ED2001589C8 /* Main.storyboard */ = {
			isa = PBXVariantGroup;
			children = (
				FA3E181926F65ED2001589C8 /* Base */,
			);
			name = Main.storyboard;
			sourceTree = "<group>";
		};
		FA3E181D26F65ED3001589C8 /* LaunchScreen.storyboard */ = {
			isa = PBXVariantGroup;
			children = (
				FA3E181E26F65ED3001589C8 /* Base */,
			);
			name = LaunchScreen.storyboard;
			sourceTree = "<group>";
		};
/* End PBXVariantGroup section */

/* Begin XCBuildConfiguration section */
		FA3E183726F65ED3001589C8 /* Debug */ = {
			isa = XCBuildConfiguration;
			buildSettings = {
				ALWAYS_SEARCH_USER_PATHS = NO;
				CLANG_ANALYZER_NONNULL = YES;
				CLANG_ANALYZER_NUMBER_OBJECT_CONVERSION = YES_AGGRESSIVE;
				CLANG_CXX_LANGUAGE_STANDARD = "gnu++14";
				CLANG_CXX_LIBRARY = "libc++";
				CLANG_ENABLE_MODULES = YES;
				CLANG_ENABLE_OBJC_ARC = YES;
				CLANG_ENABLE_OBJC_WEAK = YES;
				CLANG_WARN_BLOCK_CAPTURE_AUTORELEASING = YES;
				CLANG_WARN_BOOL_CONVERSION = YES;
				CLANG_WARN_COMMA = YES;
				CLANG_WARN_CONSTANT_CONVERSION = YES;
				CLANG_WARN_DEPRECATED_OBJC_IMPLEMENTATIONS = YES;
				CLANG_WARN_DIRECT_OBJC_ISA_USAGE = YES_ERROR;
				CLANG_WARN_DOCUMENTATION_COMMENTS = YES;
				CLANG_WARN_EMPTY_BODY = YES;
				CLANG_WARN_ENUM_CONVERSION = YES;
				CLANG_WARN_INFINITE_RECURSION = YES;
				CLANG_WARN_INT_CONVERSION = YES;
				CLANG_WARN_NON_LITERAL_NULL_CONVERSION = YES;
				CLANG_WARN_OBJC_IMPLICIT_RETAIN_SELF = YES;
				CLANG_WARN_OBJC_LITERAL_CONVERSION = YES;
				CLANG_WARN_OBJC_ROOT_CLASS = YES_ERROR;
				CLANG_WARN_QUOTED_INCLUDE_IN_FRAMEWORK_HEADER = YES;
				CLANG_WARN_RANGE_LOOP_ANALYSIS = YES;
				CLANG_WARN_STRICT_PROTOTYPES = YES;
				CLANG_WARN_SUSPICIOUS_MOVE = YES;
				CLANG_WARN_UNGUARDED_AVAILABILITY = YES_AGGRESSIVE;
				CLANG_WARN_UNREACHABLE_CODE = YES;
				CLANG_WARN__DUPLICATE_METHOD_MATCH = YES;
				COPY_PHASE_STRIP = NO;
				DEBUG_INFORMATION_FORMAT = dwarf;
				ENABLE_STRICT_OBJC_MSGSEND = YES;
				ENABLE_TESTABILITY = YES;
				GCC_C_LANGUAGE_STANDARD = gnu11;
				GCC_DYNAMIC_NO_PIC = NO;
				GCC_NO_COMMON_BLOCKS = YES;
				GCC_OPTIMIZATION_LEVEL = 0;
				GCC_PREPROCESSOR_DEFINITIONS = (
					"DEBUG=1",
					"$(inherited)",
				);
				GCC_WARN_64_TO_32_BIT_CONVERSION = YES;
				GCC_WARN_ABOUT_RETURN_TYPE = YES_ERROR;
				GCC_WARN_UNDECLARED_SELECTOR = YES;
				GCC_WARN_UNINITIALIZED_AUTOS = YES_AGGRESSIVE;
				GCC_WARN_UNUSED_FUNCTION = YES;
				GCC_WARN_UNUSED_VARIABLE = YES;
				IPHONEOS_DEPLOYMENT_TARGET = 14.5;
				MTL_ENABLE_DEBUG_INFO = INCLUDE_SOURCE;
				MTL_FAST_MATH = YES;
				ONLY_ACTIVE_ARCH = YES;
				SDKROOT = iphoneos;
				SWIFT_ACTIVE_COMPILATION_CONDITIONS = DEBUG;
				SWIFT_OPTIMIZATION_LEVEL = "-Onone";
			};
			name = Debug;
		};
		FA3E183826F65ED3001589C8 /* Release */ = {
			isa = XCBuildConfiguration;
			buildSettings = {
				ALWAYS_SEARCH_USER_PATHS = NO;
				CLANG_ANALYZER_NONNULL = YES;
				CLANG_ANALYZER_NUMBER_OBJECT_CONVERSION = YES_AGGRESSIVE;
				CLANG_CXX_LANGUAGE_STANDARD = "gnu++14";
				CLANG_CXX_LIBRARY = "libc++";
				CLANG_ENABLE_MODULES = YES;
				CLANG_ENABLE_OBJC_ARC = YES;
				CLANG_ENABLE_OBJC_WEAK = YES;
				CLANG_WARN_BLOCK_CAPTURE_AUTORELEASING = YES;
				CLANG_WARN_BOOL_CONVERSION = YES;
				CLANG_WARN_COMMA = YES;
				CLANG_WARN_CONSTANT_CONVERSION = YES;
				CLANG_WARN_DEPRECATED_OBJC_IMPLEMENTATIONS = YES;
				CLANG_WARN_DIRECT_OBJC_ISA_USAGE = YES_ERROR;
				CLANG_WARN_DOCUMENTATION_COMMENTS = YES;
				CLANG_WARN_EMPTY_BODY = YES;
				CLANG_WARN_ENUM_CONVERSION = YES;
				CLANG_WARN_INFINITE_RECURSION = YES;
				CLANG_WARN_INT_CONVERSION = YES;
				CLANG_WARN_NON_LITERAL_NULL_CONVERSION = YES;
				CLANG_WARN_OBJC_IMPLICIT_RETAIN_SELF = YES;
				CLANG_WARN_OBJC_LITERAL_CONVERSION = YES;
				CLANG_WARN_OBJC_ROOT_CLASS = YES_ERROR;
				CLANG_WARN_QUOTED_INCLUDE_IN_FRAMEWORK_HEADER = YES;
				CLANG_WARN_RANGE_LOOP_ANALYSIS = YES;
				CLANG_WARN_STRICT_PROTOTYPES = YES;
				CLANG_WARN_SUSPICIOUS_MOVE = YES;
				CLANG_WARN_UNGUARDED_AVAILABILITY = YES_AGGRESSIVE;
				CLANG_WARN_UNREACHABLE_CODE = YES;
				CLANG_WARN__DUPLICATE_METHOD_MATCH = YES;
				COPY_PHASE_STRIP = NO;
				DEBUG_INFORMATION_FORMAT = "dwarf-with-dsym";
				ENABLE_NS_ASSERTIONS = NO;
				ENABLE_STRICT_OBJC_MSGSEND = YES;
				GCC_C_LANGUAGE_STANDARD = gnu11;
				GCC_NO_COMMON_BLOCKS = YES;
				GCC_WARN_64_TO_32_BIT_CONVERSION = YES;
				GCC_WARN_ABOUT_RETURN_TYPE = YES_ERROR;
				GCC_WARN_UNDECLARED_SELECTOR = YES;
				GCC_WARN_UNINITIALIZED_AUTOS = YES_AGGRESSIVE;
				GCC_WARN_UNUSED_FUNCTION = YES;
				GCC_WARN_UNUSED_VARIABLE = YES;
				IPHONEOS_DEPLOYMENT_TARGET = 14.5;
				MTL_ENABLE_DEBUG_INFO = NO;
				MTL_FAST_MATH = YES;
				SDKROOT = iphoneos;
				SWIFT_COMPILATION_MODE = wholemodule;
				SWIFT_OPTIMIZATION_LEVEL = "-O";
				VALIDATE_PRODUCT = YES;
			};
			name = Release;
		};
		FA3E183A26F65ED3001589C8 /* Debug */ = {
			isa = XCBuildConfiguration;
			buildSettings = {
				ASSETCATALOG_COMPILER_APPICON_NAME = AppIcon;
				ASSETCATALOG_COMPILER_GLOBAL_ACCENT_COLOR_NAME = AccentColor;
				CODE_SIGN_STYLE = Automatic;
				INFOPLIST_FILE = Hydrate/Info.plist;
				LD_RUNPATH_SEARCH_PATHS = (
					"$(inherited)",
					"@executable_path/Frameworks",
				);
				PRODUCT_BUNDLE_IDENTIFIER = Alex.Hydrate;
				PRODUCT_NAME = "$(TARGET_NAME)";
				SWIFT_VERSION = 5.0;
				TARGETED_DEVICE_FAMILY = "1,2";
			};
			name = Debug;
		};
		FA3E183B26F65ED3001589C8 /* Release */ = {
			isa = XCBuildConfiguration;
			buildSettings = {
				ASSETCATALOG_COMPILER_APPICON_NAME = AppIcon;
				ASSETCATALOG_COMPILER_GLOBAL_ACCENT_COLOR_NAME = AccentColor;
				CODE_SIGN_STYLE = Automatic;
				INFOPLIST_FILE = Hydrate/Info.plist;
				LD_RUNPATH_SEARCH_PATHS = (
					"$(inherited)",
					"@executable_path/Frameworks",
				);
				PRODUCT_BUNDLE_IDENTIFIER = Alex.Hydrate;
				PRODUCT_NAME = "$(TARGET_NAME)";
				SWIFT_VERSION = 5.0;
				TARGETED_DEVICE_FAMILY = "1,2";
			};
			name = Release;
		};
		FA3E183D26F65ED3001589C8 /* Debug */ = {
			isa = XCBuildConfiguration;
			buildSettings = {
				ALWAYS_EMBED_SWIFT_STANDARD_LIBRARIES = YES;
				BUNDLE_LOADER = "$(TEST_HOST)";
				CODE_SIGN_STYLE = Automatic;
				INFOPLIST_FILE = HydrateTests/Info.plist;
				IPHONEOS_DEPLOYMENT_TARGET = 14.5;
				LD_RUNPATH_SEARCH_PATHS = (
					"$(inherited)",
					"@executable_path/Frameworks",
					"@loader_path/Frameworks",
				);
				PRODUCT_BUNDLE_IDENTIFIER = Alex.HydrateTests;
				PRODUCT_NAME = "$(TARGET_NAME)";
				SWIFT_VERSION = 5.0;
				TARGETED_DEVICE_FAMILY = "1,2";
				TEST_HOST = "$(BUILT_PRODUCTS_DIR)/Hydrate.app/Hydrate";
			};
			name = Debug;
		};
		FA3E183E26F65ED3001589C8 /* Release */ = {
			isa = XCBuildConfiguration;
			buildSettings = {
				ALWAYS_EMBED_SWIFT_STANDARD_LIBRARIES = YES;
				BUNDLE_LOADER = "$(TEST_HOST)";
				CODE_SIGN_STYLE = Automatic;
				INFOPLIST_FILE = HydrateTests/Info.plist;
				IPHONEOS_DEPLOYMENT_TARGET = 14.5;
				LD_RUNPATH_SEARCH_PATHS = (
					"$(inherited)",
					"@executable_path/Frameworks",
					"@loader_path/Frameworks",
				);
				PRODUCT_BUNDLE_IDENTIFIER = Alex.HydrateTests;
				PRODUCT_NAME = "$(TARGET_NAME)";
				SWIFT_VERSION = 5.0;
				TARGETED_DEVICE_FAMILY = "1,2";
				TEST_HOST = "$(BUILT_PRODUCTS_DIR)/Hydrate.app/Hydrate";
			};
			name = Release;
		};
		FA3E184026F65ED3001589C8 /* Debug */ = {
			isa = XCBuildConfiguration;
			buildSettings = {
				ALWAYS_EMBED_SWIFT_STANDARD_LIBRARIES = YES;
				CODE_SIGN_STYLE = Automatic;
				INFOPLIST_FILE = HydrateUITests/Info.plist;
				LD_RUNPATH_SEARCH_PATHS = (
					"$(inherited)",
					"@executable_path/Frameworks",
					"@loader_path/Frameworks",
				);
				PRODUCT_BUNDLE_IDENTIFIER = Alex.HydrateUITests;
				PRODUCT_NAME = "$(TARGET_NAME)";
				SWIFT_VERSION = 5.0;
				TARGETED_DEVICE_FAMILY = "1,2";
				TEST_TARGET_NAME = Hydrate;
			};
			name = Debug;
		};
		FA3E184126F65ED3001589C8 /* Release */ = {
			isa = XCBuildConfiguration;
			buildSettings = {
				ALWAYS_EMBED_SWIFT_STANDARD_LIBRARIES = YES;
				CODE_SIGN_STYLE = Automatic;
				INFOPLIST_FILE = HydrateUITests/Info.plist;
				LD_RUNPATH_SEARCH_PATHS = (
					"$(inherited)",
					"@executable_path/Frameworks",
					"@loader_path/Frameworks",
				);
				PRODUCT_BUNDLE_IDENTIFIER = Alex.HydrateUITests;
				PRODUCT_NAME = "$(TARGET_NAME)";
				SWIFT_VERSION = 5.0;
				TARGETED_DEVICE_FAMILY = "1,2";
				TEST_TARGET_NAME = Hydrate;
			};
			name = Release;
		};
/* End XCBuildConfiguration section */

/* Begin XCConfigurationList section */
		FA3E180A26F65ED2001589C8 /* Build configuration list for PBXProject "Hydrate" */ = {
			isa = XCConfigurationList;
			buildConfigurations = (
				FA3E183726F65ED3001589C8 /* Debug */,
				FA3E183826F65ED3001589C8 /* Release */,
			);
			defaultConfigurationIsVisible = 0;
			defaultConfigurationName = Release;
		};
		FA3E183926F65ED3001589C8 /* Build configuration list for PBXNativeTarget "Hydrate" */ = {
			isa = XCConfigurationList;
			buildConfigurations = (
				FA3E183A26F65ED3001589C8 /* Debug */,
				FA3E183B26F65ED3001589C8 /* Release */,
			);
			defaultConfigurationIsVisible = 0;
			defaultConfigurationName = Release;
		};
		FA3E183C26F65ED3001589C8 /* Build configuration list for PBXNativeTarget "HydrateTests" */ = {
			isa = XCConfigurationList;
			buildConfigurations = (
				FA3E183D26F65ED3001589C8 /* Debug */,
				FA3E183E26F65ED3001589C8 /* Release */,
			);
			defaultConfigurationIsVisible = 0;
			defaultConfigurationName = Release;
		};
		FA3E183F26F65ED3001589C8 /* Build configuration list for PBXNativeTarget "HydrateUITests" */ = {
			isa = XCConfigurationList;
			buildConfigurations = (
				FA3E184026F65ED3001589C8 /* Debug */,
				FA3E184126F65ED3001589C8 /* Release */,
			);
			defaultConfigurationIsVisible = 0;
			defaultConfigurationName = Release;
		};
/* End XCConfigurationList section */
	};
	rootObject = FA3E180726F65ED2001589C8 /* Project object */;
}
